# THIS IS AN AUTOGENERATED FILE. DO NOT EDIT THIS FILE DIRECTLY.
# yarn lockfile v1


jquery-maskmoney@^3.0.2:
  version "3.0.2"
  resolved "https://registry.yarnpkg.com/jquery-maskmoney/-/jquery-maskmoney-3.0.2.tgz#f18de4f06b8c66ad97cae8b320571c936ac637b7"
  integrity sha512-tmhGSfx3QTwrYcZYgELsr8qgcvRcR72+p6D+YrZrlkUdVE6g9vuRLwbl4FuL5X84KBfWBtoX6k2HawYjv2WVag==
  dependencies:
    jquery ">=1.6"

jquery@>=1.6:
  version "3.7.0"
  resolved "https://registry.yarnpkg.com/jquery/-/jquery-3.7.0.tgz#fe2c01a05da500709006d8790fe21c8a39d75612"
  integrity sha512-umpJ0/k8X0MvD1ds0P9SfowREz2LenHsQaxSohMZ5OMNEU2r0tf8pdeEFTHMFxWVxKNyU9rTtK3CWzUCTKJUeQ==
